
Microsoft Visual Studio Solution File, Format Version 12.00
# Visual Studio 15
VisualStudioVersion = 15.0.27428.2037
MinimumVisualStudioVersion = 10.0.40219.1
Project("{888888A0-9F3D-457C-B088-3A5042F75D52}") = "Semantics", "Semantics\Semantics.pyproj", "{6E9E4DE5-3B7E-4CF1-ABFE-D5DF5F2894BE}"
EndProject
Global
	GlobalSection(SolutionConfigurationPlatforms) = preSolution
		Debug|Any CPU = Debug|Any CPU
		Release|Any CPU = Release|Any CPU
	EndGlobalSection
	GlobalSection(ProjectConfigurationPlatforms) = postSolution
		{6E9E4DE5-3B7E-4CF1-ABFE-D5DF5F2894BE}.Debug|Any CPU.ActiveCfg = Debug|Any CPU
		{6E9E4DE5-3B7E-4CF1-ABFE-D5DF5F2894BE}.Release|Any CPU.ActiveCfg = Release|Any CPU
	EndGlobalSection
	GlobalSection(SolutionProperties) = preSolution
		HideSolutionNode = FALSE
	EndGlobalSection
	GlobalSection(ExtensibilityGlobals) = postSolution
		SolutionGuid = {3A5991C2-0B8F-44E7-A3F2-C29E759C84D3}
	EndGlobalSection
EndGlobal
